<?xml version="1.0" encoding="utf-8"?>
<Project ToolsVersion="4.0" xmlns="http://schemas.microsoft.com/developer/msbuild/2003">
  <ItemGroup>
    <Filter Include="Source Files">
      <UniqueIdentifier>{4FC737F1-C7A5-4376-A066-2A32D752A2FF}</UniqueIdentifier>
      <Extensions>cpp;c;cc;cxx;c++;cppm;ixx;def;odl;idl;hpj;bat;asm;asmx</Extensions>
    </Filter>
    <Filter Include="Header Files">
      <UniqueIdentifier>{93995380-89BD-4b04-88EB-625FBE52EBFB}</UniqueIdentifier>
      <Extensions>h;hh;hpp;hxx;h++;hm;inl;inc;ipp;xsd</Extensions>
    </Filter>
    <Filter Include="Scenes">
      <UniqueIdentifier>{7a9ab671-c993-4627-86b2-1037fcc66917}</UniqueIdentifier>
    </Filter>
    <Filter Include="glad">
      <UniqueIdentifier>{341c9c21-428b-42a5-9d96-15cefa971be6}</UniqueIdentifier>
    </Filter>
  </ItemGroup>
  <ItemGroup>
    <ClCompile Include="RaytracingAPI.cpp">
      <Filter>Source Files</Filter>
    </ClCompile>
    <ClCompile Include="ContextMNRT.cpp">
      <Filter>Source Files</Filter>
    </ClCompile>
    <ClCompile Include="WorldBVH.cpp">
      <Filter>Source Files</Filter>
    </ClCompile>
    <ClCompile Include="ObjectRT_Sphere.cpp">
      <Filter>Source Files</Filter>
    </ClCompile>
    <ClCompile Include="MaterialRT_Metal.cpp">
      <Filter>Source Files</Filter>
    </ClCompile>
    <ClCompile Include="BasicToolsRT.cpp">
      <Filter>Source Files</Filter>
    </ClCompile>
    <ClCompile Include="CameraRT.cpp">
      <Filter>Source Files</Filter>
    </ClCompile>
    <ClCompile Include="ObjectRT.cpp">
      <Filter>Source Files</Filter>
    </ClCompile>
    <ClCompile Include="MaterialRT.cpp">
      <Filter>Source Files</Filter>
    </ClCompile>
    <ClCompile Include="MaterialRT_Lambertian.cpp">
      <Filter>Source Files</Filter>
    </ClCompile>
    <ClCompile Include="MaterialRT_Dielectric.cpp">
      <Filter>Source Files</Filter>
    </ClCompile>
    <ClCompile Include="OpenGLWindow.cpp">
      <Filter>Source Files</Filter>
    </ClCompile>
    <ClCompile Include="..\ThirdParty\glad\src\glad.c">
      <Filter>glad</Filter>
    </ClCompile>
  </ItemGroup>
  <ItemGroup>
    <ClInclude Include="RaytracingAPI.h">
      <Filter>Header Files</Filter>
    </ClInclude>
    <ClInclude Include="RaytracingConfig.h">
      <Filter>Header Files</Filter>
    </ClInclude>
    <ClInclude Include="ContextMNRT.h">
      <Filter>Header Files</Filter>
    </ClInclude>
    <ClInclude Include="ThreadPool.h">
      <Filter>Header Files</Filter>
    </ClInclude>
    <ClInclude Include="WorldBVH.h">
      <Filter>Header Files</Filter>
    </ClInclude>
    <ClInclude Include="Ray.h">
      <Filter>Header Files</Filter>
    </ClInclude>
    <ClInclude Include="ObjectRT.h">
      <Filter>Header Files</Filter>
    </ClInclude>
    <ClInclude Include="ObjectRT_Sphere.h">
      <Filter>Header Files</Filter>
    </ClInclude>
    <ClInclude Include="MaterialRT.h">
      <Filter>Header Files</Filter>
    </ClInclude>
    <ClInclude Include="MaterialRT_Metal.h">
      <Filter>Header Files</Filter>
    </ClInclude>
    <ClInclude Include="CameraRT.h">
      <Filter>Header Files</Filter>
    </ClInclude>
    <ClInclude Include="BasicToolsRT.h">
      <Filter>Header Files</Filter>
    </ClInclude>
    <ClInclude Include="spheres.json">
      <Filter>Scenes</Filter>
    </ClInclude>
    <ClInclude Include="MaterialRT_Lambertian.h">
      <Filter>Header Files</Filter>
    </ClInclude>
    <ClInclude Include="MaterialRT_Dielectric.h">
      <Filter>Header Files</Filter>
    </ClInclude>
    <ClInclude Include="OpenGLWindow.h">
      <Filter>Header Files</Filter>
    </ClInclude>
  </ItemGroup>
</Project>